{
  "name": "vasist-portfolio",
  "version": "1.0.0",
  "lockfileVersion": 3,
  "requires": true,
  "packages": {
    "": {
      "name": "vasist-portfolio",
      "version": "1.0.0",
      "dependencies": {
        "aos": "^2.3.4",
        "gsap": "^3.12.5",
        "lucide-react": "^0.460.0",
        "react": "^18.3.1",
        "react-dom": "^18.3.1"
      },
      "devDependencies": {
        "@vitejs/plugin-react": "^4.3.4",
        "autoprefixer": "^10.4.20",
        "gh-pages": "^6.2.0",
        "postcss": "^8.4.49",
        "tailwindcss": "^3.4.16",
        "vite": "^6.0.1"
      }
    },
    "node_modules/aos": {
      "version": "2.3.4",
      "resolved": "https://registry.npmjs.org/aos/-/aos-2.3.4.tgz"
    },
    "node_modules/gsap": {
      "version": "3.12.5",
      "resolved": "https://registry.npmjs.org/gsap/-/gsap-3.12.5.tgz"
    },
    "node_modules/lucide-react": {
      "version": "0.460.0",
      "resolved": "https://registry.npmjs.org/lucide-react/-/lucide-react-0.460.0.tgz"
    },
    "node_modules/react": {
      "version": "18.3.1",
      "resolved": "https://registry.npmjs.org/react/-/react-18.3.1.tgz"
    },
    "node_modules/react-dom": {
      "version": "18.3.1",
      "resolved": "https://registry.npmjs.org/react-dom/-/react-dom-18.3.1.tgz"
    },
    "node_modules/vite": {
      "version": "6.0.1",
      "resolved": "https://registry.npmjs.org/vite/-/vite-6.0.1.tgz"
    }
  }
}
